<?xml version="1.0" encoding="utf-8"?>
<Project ToolsVersion="15.0" xmlns="http://schemas.microsoft.com/developer/msbuild/2003">
  <ItemGroup>
    <ClCompile Include="E:\LearnOpenGL\src\5.advanced_lighting\3.2.1.point_shadows\point_shadows.cpp">
      <Filter>Source Files</Filter>
    </ClCompile>
  </ItemGroup>
  <ItemGroup>
    <CustomBuild Include="E:\LearnOpenGL\CMakeLists.txt" />
  </ItemGroup>
  <ItemGroup>
    <Filter Include="Source Files">
      <UniqueIdentifier>{AAC6DC68-CA1A-3E7B-9A24-5BF5C414DD3B}</UniqueIdentifier>
    </Filter>
  </ItemGroup>
</Project>
